
Microsoft Visual Studio Solution File, Format Version 12.00
# Visual Studio Version 17
VisualStudioVersion = 17.10.35004.147
MinimumVisualStudioVersion = 10.0.40219.1
Project("{FAE04EC0-301F-11D3-BF4B-00C04F79EFBC}") = "ConsoleApp2", "ConsoleApp2\ConsoleApp2.csproj", "{27267A4D-4972-4480-BE60-0BD17CA57C79}"
EndProject
Global
	GlobalSection(SolutionConfigurationPlatforms) = preSolution
		Debug|Any CPU = Debug|Any CPU
		Debug|x64 = Debug|x64
		Release|Any CPU = Release|Any CPU
		Release|x64 = Release|x64
	EndGlobalSection
	GlobalSection(ProjectConfigurationPlatforms) = postSolution
		{27267A4D-4972-4480-BE60-0BD17CA57C79}.Debug|Any CPU.ActiveCfg = Debug|Any CPU
		{27267A4D-4972-4480-BE60-0BD17CA57C79}.Debug|Any CPU.Build.0 = Debug|Any CPU
		{27267A4D-4972-4480-BE60-0BD17CA57C79}.Debug|x64.ActiveCfg = Debug|x64
		{27267A4D-4972-4480-BE60-0BD17CA57C79}.Debug|x64.Build.0 = Debug|x64
		{27267A4D-4972-4480-BE60-0BD17CA57C79}.Release|Any CPU.ActiveCfg = Release|Any CPU
		{27267A4D-4972-4480-BE60-0BD17CA57C79}.Release|Any CPU.Build.0 = Release|Any CPU
		{27267A4D-4972-4480-BE60-0BD17CA57C79}.Release|x64.ActiveCfg = Release|x64
		{27267A4D-4972-4480-BE60-0BD17CA57C79}.Release|x64.Build.0 = Release|x64
	EndGlobalSection
	GlobalSection(SolutionProperties) = preSolution
		HideSolutionNode = FALSE
	EndGlobalSection
	GlobalSection(ExtensibilityGlobals) = postSolution
		SolutionGuid = {8DC498CA-F5DD-4763-85F9-E5439DD1F6B2}
	EndGlobalSection
EndGlobal
